// !$*UTF8*$!
{
	archiveVersion = 1;
	classes = {
	};
	objectVersion = 50;
	objects = {

/* Begin PBXBuildFile section */
		6AAB92D9253B8B0F008611D2 /* MainViewController.swift in Sources */ = {isa = PBXBuildFile; fileRef = 6AAB92D8253B8B0F008611D2 /* MainViewController.swift */; };
		6AAB92DB253B8B1D008611D2 /* CollectionViewCell.swift in Sources */ = {isa = PBXBuildFile; fileRef = 6AAB92DA253B8B1D008611D2 /* CollectionViewCell.swift */; };
		6AB192AF2549B137002D13C2 /* DataProvider.swift in Sources */ = {isa = PBXBuildFile; fileRef = 6AB192AE2549B136002D13C2 /* DataProvider.swift */; };
		6AB192BE254AFD27002D13C2 /* AlamofireNetworkRequest.swift in Sources */ = {isa = PBXBuildFile; fileRef = 6AB192BD254AFD27002D13C2 /* AlamofireNetworkRequest.swift */; };
		6AB192C0254B049E002D13C2 /* Alamofire.framework in Frameworks */ = {isa = PBXBuildFile; fileRef = 6AB192BF254B049E002D13C2 /* Alamofire.framework */; };
		6AB192C1254B049E002D13C2 /* Alamofire.framework in Embed Frameworks */ = {isa = PBXBuildFile; fileRef = 6AB192BF254B049E002D13C2 /* Alamofire.framework */; settings = {ATTRIBUTES = (CodeSignOnCopy, RemoveHeadersOnCopy, ); }; };
		6AEA08C5253D9FEF00B24176 /* NetworkManager.swift in Sources */ = {isa = PBXBuildFile; fileRef = 6AEA08C4253D9FEF00B24176 /* NetworkManager.swift */; };
		6AEA08C7253E30CD00B24176 /* ImageProperties.swift in Sources */ = {isa = PBXBuildFile; fileRef = 6AEA08C6253E30CD00B24176 /* ImageProperties.swift */; };
		6AFBC2D92536063E00BF70A5 /* AppDelegate.swift in Sources */ = {isa = PBXBuildFile; fileRef = 6AFBC2D82536063E00BF70A5 /* AppDelegate.swift */; };
		6AFBC2DB2536063E00BF70A5 /* SceneDelegate.swift in Sources */ = {isa = PBXBuildFile; fileRef = 6AFBC2DA2536063E00BF70A5 /* SceneDelegate.swift */; };
		6AFBC2DD2536063E00BF70A5 /* ImageViewController.swift in Sources */ = {isa = PBXBuildFile; fileRef = 6AFBC2DC2536063E00BF70A5 /* ImageViewController.swift */; };
		6AFBC2E02536063E00BF70A5 /* Main.storyboard in Resources */ = {isa = PBXBuildFile; fileRef = 6AFBC2DE2536063E00BF70A5 /* Main.storyboard */; };
		6AFBC2E22536064000BF70A5 /* Assets.xcassets in Resources */ = {isa = PBXBuildFile; fileRef = 6AFBC2E12536064000BF70A5 /* Assets.xcassets */; };
		6AFBC2E52536064000BF70A5 /* LaunchScreen.storyboard in Resources */ = {isa = PBXBuildFile; fileRef = 6AFBC2E32536064000BF70A5 /* LaunchScreen.storyboard */; };
		6AFBC2EF253773B300BF70A5 /* CoursesViewController.swift in Sources */ = {isa = PBXBuildFile; fileRef = 6AFBC2EE253773B300BF70A5 /* CoursesViewController.swift */; };
		6AFBC2F12537751000BF70A5 /* Course.swift in Sources */ = {isa = PBXBuildFile; fileRef = 6AFBC2F02537751000BF70A5 /* Course.swift */; };
		6AFBC2F32537838600BF70A5 /* WebViewController.swift in Sources */ = {isa = PBXBuildFile; fileRef = 6AFBC2F22537838600BF70A5 /* WebViewController.swift */; };
		6AFBC2F52537860700BF70A5 /* WebsiteDescription.swift in Sources */ = {isa = PBXBuildFile; fileRef = 6AFBC2F42537860700BF70A5 /* WebsiteDescription.swift */; };
		6AFBC2F725381C6B00BF70A5 /* TableViewCell.swift in Sources */ = {isa = PBXBuildFile; fileRef = 6AFBC2F625381C6B00BF70A5 /* TableViewCell.swift */; };
		6AFBC2FE253B36B500BF70A5 /* WebKit.framework in Frameworks */ = {isa = PBXBuildFile; fileRef = 6AFBC2FD253B36B500BF70A5 /* WebKit.framework */; };
/* End PBXBuildFile section */

/* Begin PBXCopyFilesBuildPhase section */
		6AB192C2254B049E002D13C2 /* Embed Frameworks */ = {
			isa = PBXCopyFilesBuildPhase;
			buildActionMask = 2147483647;
			dstPath = "";
			dstSubfolderSpec = 10;
			files = (
				6AB192C1254B049E002D13C2 /* Alamofire.framework in Embed Frameworks */,
			);
			name = "Embed Frameworks";
			runOnlyForDeploymentPostprocessing = 0;
		};
/* End PBXCopyFilesBuildPhase section */

/* Begin PBXFileReference section */
		6AAB92D8253B8B0F008611D2 /* MainViewController.swift */ = {isa = PBXFileReference; lastKnownFileType = sourcecode.swift; path = MainViewController.swift; sourceTree = "<group>"; };
		6AAB92DA253B8B1D008611D2 /* CollectionViewCell.swift */ = {isa = PBXFileReference; lastKnownFileType = sourcecode.swift; path = CollectionViewCell.swift; sourceTree = "<group>"; };
		6AB192AE2549B136002D13C2 /* DataProvider.swift */ = {isa = PBXFileReference; lastKnownFileType = sourcecode.swift; path = DataProvider.swift; sourceTree = "<group>"; };
		6AB192BD254AFD27002D13C2 /* AlamofireNetworkRequest.swift */ = {isa = PBXFileReference; lastKnownFileType = sourcecode.swift; path = AlamofireNetworkRequest.swift; sourceTree = "<group>"; };
		6AB192BF254B049E002D13C2 /* Alamofire.framework */ = {isa = PBXFileReference; lastKnownFileType = wrapper.framework; name = Alamofire.framework; path = Carthage/Build/iOS/Alamofire.framework; sourceTree = "<group>"; };
		6AEA08C4253D9FEF00B24176 /* NetworkManager.swift */ = {isa = PBXFileReference; lastKnownFileType = sourcecode.swift; path = NetworkManager.swift; sourceTree = "<group>"; };
		6AEA08C6253E30CD00B24176 /* ImageProperties.swift */ = {isa = PBXFileReference; lastKnownFileType = sourcecode.swift; path = ImageProperties.swift; sourceTree = "<group>"; };
		6AFBC2D52536063E00BF70A5 /* SimpleNetworking.app */ = {isa = PBXFileReference; explicitFileType = wrapper.application; includeInIndex = 0; path = SimpleNetworking.app; sourceTree = BUILT_PRODUCTS_DIR; };
		6AFBC2D82536063E00BF70A5 /* AppDelegate.swift */ = {isa = PBXFileReference; lastKnownFileType = sourcecode.swift; path = AppDelegate.swift; sourceTree = "<group>"; };
		6AFBC2DA2536063E00BF70A5 /* SceneDelegate.swift */ = {isa = PBXFileReference; lastKnownFileType = sourcecode.swift; path = SceneDelegate.swift; sourceTree = "<group>"; };
		6AFBC2DC2536063E00BF70A5 /* ImageViewController.swift */ = {isa = PBXFileReference; lastKnownFileType = sourcecode.swift; path = ImageViewController.swift; sourceTree = "<group>"; };
		6AFBC2DF2536063E00BF70A5 /* Base */ = {isa = PBXFileReference; lastKnownFileType = file.storyboard; name = Base; path = Base.lproj/Main.storyboard; sourceTree = "<group>"; };
		6AFBC2E12536064000BF70A5 /* Assets.xcassets */ = {isa = PBXFileReference; lastKnownFileType = folder.assetcatalog; path = Assets.xcassets; sourceTree = "<group>"; };
		6AFBC2E42536064000BF70A5 /* Base */ = {isa = PBXFileReference; lastKnownFileType = file.storyboard; name = Base; path = Base.lproj/LaunchScreen.storyboard; sourceTree = "<group>"; };
		6AFBC2E62536064000BF70A5 /* Info.plist */ = {isa = PBXFileReference; lastKnownFileType = text.plist.xml; path = Info.plist; sourceTree = "<group>"; };
		6AFBC2EE253773B300BF70A5 /* CoursesViewController.swift */ = {isa = PBXFileReference; lastKnownFileType = sourcecode.swift; path = CoursesViewController.swift; sourceTree = "<group>"; };
		6AFBC2F02537751000BF70A5 /* Course.swift */ = {isa = PBXFileReference; lastKnownFileType = sourcecode.swift; path = Course.swift; sourceTree = "<group>"; };
		6AFBC2F22537838600BF70A5 /* WebViewController.swift */ = {isa = PBXFileReference; lastKnownFileType = sourcecode.swift; path = WebViewController.swift; sourceTree = "<group>"; };
		6AFBC2F42537860700BF70A5 /* WebsiteDescription.swift */ = {isa = PBXFileReference; lastKnownFileType = sourcecode.swift; path = WebsiteDescription.swift; sourceTree = "<group>"; };
		6AFBC2F625381C6B00BF70A5 /* TableViewCell.swift */ = {isa = PBXFileReference; lastKnownFileType = sourcecode.swift; path = TableViewCell.swift; sourceTree = "<group>"; };
		6AFBC2FD253B36B500BF70A5 /* WebKit.framework */ = {isa = PBXFileReference; lastKnownFileType = wrapper.framework; name = WebKit.framework; path = System/Library/Frameworks/WebKit.framework; sourceTree = SDKROOT; };
/* End PBXFileReference section */

/* Begin PBXFrameworksBuildPhase section */
		6AFBC2D22536063E00BF70A5 /* Frameworks */ = {
			isa = PBXFrameworksBuildPhase;
			buildActionMask = 2147483647;
			files = (
				6AFBC2FE253B36B500BF70A5 /* WebKit.framework in Frameworks */,
				6AB192C0254B049E002D13C2 /* Alamofire.framework in Frameworks */,
			);
			runOnlyForDeploymentPostprocessing = 0;
		};
/* End PBXFrameworksBuildPhase section */

/* Begin PBXGroup section */
		6AFBC2CC2536063E00BF70A5 = {
			isa = PBXGroup;
			children = (
				6AFBC2D72536063E00BF70A5 /* SimpleNetworking */,
				6AFBC2D62536063E00BF70A5 /* Products */,
				6AFBC2FC253B36B400BF70A5 /* Frameworks */,
			);
			sourceTree = "<group>";
		};
		6AFBC2D62536063E00BF70A5 /* Products */ = {
			isa = PBXGroup;
			children = (
				6AFBC2D52536063E00BF70A5 /* SimpleNetworking.app */,
			);
			name = Products;
			sourceTree = "<group>";
		};
		6AFBC2D72536063E00BF70A5 /* SimpleNetworking */ = {
			isa = PBXGroup;
			children = (
				6AFBC2D82536063E00BF70A5 /* AppDelegate.swift */,
				6AFBC2DA2536063E00BF70A5 /* SceneDelegate.swift */,
				6AEA08C4253D9FEF00B24176 /* NetworkManager.swift */,
				6AB192AE2549B136002D13C2 /* DataProvider.swift */,
				6AAB92D8253B8B0F008611D2 /* MainViewController.swift */,
				6AB192BD254AFD27002D13C2 /* AlamofireNetworkRequest.swift */,
				6AAB92DA253B8B1D008611D2 /* CollectionViewCell.swift */,
				6AFBC2DC2536063E00BF70A5 /* ImageViewController.swift */,
				6AFBC2EE253773B300BF70A5 /* CoursesViewController.swift */,
				6AFBC2F22537838600BF70A5 /* WebViewController.swift */,
				6AFBC2F02537751000BF70A5 /* Course.swift */,
				6AFBC2F42537860700BF70A5 /* WebsiteDescription.swift */,
				6AFBC2F625381C6B00BF70A5 /* TableViewCell.swift */,
				6AEA08C6253E30CD00B24176 /* ImageProperties.swift */,
				6AFBC2DE2536063E00BF70A5 /* Main.storyboard */,
				6AFBC2E12536064000BF70A5 /* Assets.xcassets */,
				6AFBC2E32536064000BF70A5 /* LaunchScreen.storyboard */,
				6AFBC2E62536064000BF70A5 /* Info.plist */,
			);
			path = SimpleNetworking;
			sourceTree = "<group>";
		};
		6AFBC2FC253B36B400BF70A5 /* Frameworks */ = {
			isa = PBXGroup;
			children = (
				6AB192BF254B049E002D13C2 /* Alamofire.framework */,
				6AFBC2FD253B36B500BF70A5 /* WebKit.framework */,
			);
			name = Frameworks;
			sourceTree = "<group>";
		};
/* End PBXGroup section */

/* Begin PBXNativeTarget section */
		6AFBC2D42536063E00BF70A5 /* SimpleNetworking */ = {
			isa = PBXNativeTarget;
			buildConfigurationList = 6AFBC2E92536064000BF70A5 /* Build configuration list for PBXNativeTarget "SimpleNetworking" */;
			buildPhases = (
				6AFBC2D12536063E00BF70A5 /* Sources */,
				6AFBC2D22536063E00BF70A5 /* Frameworks */,
				6AFBC2D32536063E00BF70A5 /* Resources */,
				6AB192B8254AFA5D002D13C2 /* ShellScript */,
				6AB192C2254B049E002D13C2 /* Embed Frameworks */,
			);
			buildRules = (
			);
			dependencies = (
			);
			name = SimpleNetworking;
			productName = SimpleNetworking;
			productReference = 6AFBC2D52536063E00BF70A5 /* SimpleNetworking.app */;
			productType = "com.apple.product-type.application";
		};
/* End PBXNativeTarget section */

/* Begin PBXProject section */
		6AFBC2CD2536063E00BF70A5 /* Project object */ = {
			isa = PBXProject;
			attributes = {
				LastSwiftUpdateCheck = 1150;
				LastUpgradeCheck = 1150;
				ORGANIZATIONNAME = cladendas;
				TargetAttributes = {
					6AFBC2D42536063E00BF70A5 = {
						CreatedOnToolsVersion = 11.5;
					};
				};
			};
			buildConfigurationList = 6AFBC2D02536063E00BF70A5 /* Build configuration list for PBXProject "SimpleNetworking" */;
			compatibilityVersion = "Xcode 9.3";
			developmentRegion = en;
			hasScannedForEncodings = 0;
			knownRegions = (
				en,
				Base,
			);
			mainGroup = 6AFBC2CC2536063E00BF70A5;
			productRefGroup = 6AFBC2D62536063E00BF70A5 /* Products */;
			projectDirPath = "";
			projectRoot = "";
			targets = (
				6AFBC2D42536063E00BF70A5 /* SimpleNetworking */,
			);
		};
/* End PBXProject section */

/* Begin PBXResourcesBuildPhase section */
		6AFBC2D32536063E00BF70A5 /* Resources */ = {
			isa = PBXResourcesBuildPhase;
			buildActionMask = 2147483647;
			files = (
				6AFBC2E52536064000BF70A5 /* LaunchScreen.storyboard in Resources */,
				6AFBC2E22536064000BF70A5 /* Assets.xcassets in Resources */,
				6AFBC2E02536063E00BF70A5 /* Main.storyboard in Resources */,
			);
			runOnlyForDeploymentPostprocessing = 0;
		};
/* End PBXResourcesBuildPhase section */

/* Begin PBXShellScriptBuildPhase section */
		6AB192B8254AFA5D002D13C2 /* ShellScript */ = {
			isa = PBXShellScriptBuildPhase;
			buildActionMask = 2147483647;
			files = (
			);
			inputFileListPaths = (
			);
			inputPaths = (
				"$(SRCROOT)/Carthage/Build/iOS/Alamofire.framework",
			);
			outputFileListPaths = (
			);
			outputPaths = (
				"$(DERIVED_FILE_DIR)/$(FRAMEWORKS_FOLDER_PATH)/Alamofire.framework",
			);
			runOnlyForDeploymentPostprocessing = 0;
			shellPath = /bin/sh;
			shellScript = "/usr/local/bin/carthage copy-frameworks\n";
		};
/* End PBXShellScriptBuildPhase section */

/* Begin PBXSourcesBuildPhase section */
		6AFBC2D12536063E00BF70A5 /* Sources */ = {
			isa = PBXSourcesBuildPhase;
			buildActionMask = 2147483647;
			files = (
				6AEA08C5253D9FEF00B24176 /* NetworkManager.swift in Sources */,
				6AFBC2F12537751000BF70A5 /* Course.swift in Sources */,
				6AFBC2DD2536063E00BF70A5 /* ImageViewController.swift in Sources */,
				6AFBC2F52537860700BF70A5 /* WebsiteDescription.swift in Sources */,
				6AFBC2F725381C6B00BF70A5 /* TableViewCell.swift in Sources */,
				6AFBC2D92536063E00BF70A5 /* AppDelegate.swift in Sources */,
				6AFBC2F32537838600BF70A5 /* WebViewController.swift in Sources */,
				6AB192BE254AFD27002D13C2 /* AlamofireNetworkRequest.swift in Sources */,
				6AFBC2DB2536063E00BF70A5 /* SceneDelegate.swift in Sources */,
				6AEA08C7253E30CD00B24176 /* ImageProperties.swift in Sources */,
				6AFBC2EF253773B300BF70A5 /* CoursesViewController.swift in Sources */,
				6AAB92D9253B8B0F008611D2 /* MainViewController.swift in Sources */,
				6AAB92DB253B8B1D008611D2 /* CollectionViewCell.swift in Sources */,
				6AB192AF2549B137002D13C2 /* DataProvider.swift in Sources */,
			);
			runOnlyForDeploymentPostprocessing = 0;
		};
/* End PBXSourcesBuildPhase section */

/* Begin PBXVariantGroup section */
		6AFBC2DE2536063E00BF70A5 /* Main.storyboard */ = {
			isa = PBXVariantGroup;
			children = (
				6AFBC2DF2536063E00BF70A5 /* Base */,
			);
			name = Main.storyboard;
			sourceTree = "<group>";
		};
		6AFBC2E32536064000BF70A5 /* LaunchScreen.storyboard */ = {
			isa = PBXVariantGroup;
			children = (
				6AFBC2E42536064000BF70A5 /* Base */,
			);
			name = LaunchScreen.storyboard;
			sourceTree = "<group>";
		};
/* End PBXVariantGroup section */

/* Begin XCBuildConfiguration section */
		6AFBC2E72536064000BF70A5 /* Debug */ = {
			isa = XCBuildConfiguration;
			buildSettings = {
				ALWAYS_SEARCH_USER_PATHS = NO;
				CLANG_ANALYZER_NONNULL = YES;
				CLANG_ANALYZER_NUMBER_OBJECT_CONVERSION = YES_AGGRESSIVE;
				CLANG_CXX_LANGUAGE_STANDARD = "gnu++14";
				CLANG_CXX_LIBRARY = "libc++";
				CLANG_ENABLE_MODULES = YES;
				CLANG_ENABLE_OBJC_ARC = YES;
				CLANG_ENABLE_OBJC_WEAK = YES;
				CLANG_WARN_BLOCK_CAPTURE_AUTORELEASING = YES;
				CLANG_WARN_BOOL_CONVERSION = YES;
				CLANG_WARN_COMMA = YES;
				CLANG_WARN_CONSTANT_CONVERSION = YES;
				CLANG_WARN_DEPRECATED_OBJC_IMPLEMENTATIONS = YES;
				CLANG_WARN_DIRECT_OBJC_ISA_USAGE = YES_ERROR;
				CLANG_WARN_DOCUMENTATION_COMMENTS = YES;
				CLANG_WARN_EMPTY_BODY = YES;
				CLANG_WARN_ENUM_CONVERSION = YES;
				CLANG_WARN_INFINITE_RECURSION = YES;
				CLANG_WARN_INT_CONVERSION = YES;
				CLANG_WARN_NON_LITERAL_NULL_CONVERSION = YES;
				CLANG_WARN_OBJC_IMPLICIT_RETAIN_SELF = YES;
				CLANG_WARN_OBJC_LITERAL_CONVERSION = YES;
				CLANG_WARN_OBJC_ROOT_CLASS = YES_ERROR;
				CLANG_WARN_RANGE_LOOP_ANALYSIS = YES;
				CLANG_WARN_STRICT_PROTOTYPES = YES;
				CLANG_WARN_SUSPICIOUS_MOVE = YES;
				CLANG_WARN_UNGUARDED_AVAILABILITY = YES_AGGRESSIVE;
				CLANG_WARN_UNREACHABLE_CODE = YES;
				CLANG_WARN__DUPLICATE_METHOD_MATCH = YES;
				COPY_PHASE_STRIP = NO;
				DEBUG_INFORMATION_FORMAT = dwarf;
				ENABLE_STRICT_OBJC_MSGSEND = YES;
				ENABLE_TESTABILITY = YES;
				GCC_C_LANGUAGE_STANDARD = gnu11;
				GCC_DYNAMIC_NO_PIC = NO;
				GCC_NO_COMMON_BLOCKS = YES;
				GCC_OPTIMIZATION_LEVEL = 0;
				GCC_PREPROCESSOR_DEFINITIONS = (
					"DEBUG=1",
					"$(inherited)",
				);
				GCC_WARN_64_TO_32_BIT_CONVERSION = YES;
				GCC_WARN_ABOUT_RETURN_TYPE = YES_ERROR;
				GCC_WARN_UNDECLARED_SELECTOR = YES;
				GCC_WARN_UNINITIALIZED_AUTOS = YES_AGGRESSIVE;
				GCC_WARN_UNUSED_FUNCTION = YES;
				GCC_WARN_UNUSED_VARIABLE = YES;
				IPHONEOS_DEPLOYMENT_TARGET = 13.5;
				MTL_ENABLE_DEBUG_INFO = INCLUDE_SOURCE;
				MTL_FAST_MATH = YES;
				ONLY_ACTIVE_ARCH = YES;
				SDKROOT = iphoneos;
				SWIFT_ACTIVE_COMPILATION_CONDITIONS = DEBUG;
				SWIFT_OPTIMIZATION_LEVEL = "-Onone";
			};
			name = Debug;
		};
		6AFBC2E82536064000BF70A5 /* Release */ = {
			isa = XCBuildConfiguration;
			buildSettings = {
				ALWAYS_SEARCH_USER_PATHS = NO;
				CLANG_ANALYZER_NONNULL = YES;
				CLANG_ANALYZER_NUMBER_OBJECT_CONVERSION = YES_AGGRESSIVE;
				CLANG_CXX_LANGUAGE_STANDARD = "gnu++14";
				CLANG_CXX_LIBRARY = "libc++";
				CLANG_ENABLE_MODULES = YES;
				CLANG_ENABLE_OBJC_ARC = YES;
				CLANG_ENABLE_OBJC_WEAK = YES;
				CLANG_WARN_BLOCK_CAPTURE_AUTORELEASING = YES;
				CLANG_WARN_BOOL_CONVERSION = YES;
				CLANG_WARN_COMMA = YES;
				CLANG_WARN_CONSTANT_CONVERSION = YES;
				CLANG_WARN_DEPRECATED_OBJC_IMPLEMENTATIONS = YES;
				CLANG_WARN_DIRECT_OBJC_ISA_USAGE = YES_ERROR;
				CLANG_WARN_DOCUMENTATION_COMMENTS = YES;
				CLANG_WARN_EMPTY_BODY = YES;
				CLANG_WARN_ENUM_CONVERSION = YES;
				CLANG_WARN_INFINITE_RECURSION = YES;
				CLANG_WARN_INT_CONVERSION = YES;
				CLANG_WARN_NON_LITERAL_NULL_CONVERSION = YES;
				CLANG_WARN_OBJC_IMPLICIT_RETAIN_SELF = YES;
				CLANG_WARN_OBJC_LITERAL_CONVERSION = YES;
				CLANG_WARN_OBJC_ROOT_CLASS = YES_ERROR;
				CLANG_WARN_RANGE_LOOP_ANALYSIS = YES;
				CLANG_WARN_STRICT_PROTOTYPES = YES;
				CLANG_WARN_SUSPICIOUS_MOVE = YES;
				CLANG_WARN_UNGUARDED_AVAILABILITY = YES_AGGRESSIVE;
				CLANG_WARN_UNREACHABLE_CODE = YES;
				CLANG_WARN__DUPLICATE_METHOD_MATCH = YES;
				COPY_PHASE_STRIP = NO;
				DEBUG_INFORMATION_FORMAT = "dwarf-with-dsym";
				ENABLE_NS_ASSERTIONS = NO;
				ENABLE_STRICT_OBJC_MSGSEND = YES;
				GCC_C_LANGUAGE_STANDARD = gnu11;
				GCC_NO_COMMON_BLOCKS = YES;
				GCC_WARN_64_TO_32_BIT_CONVERSION = YES;
				GCC_WARN_ABOUT_RETURN_TYPE = YES_ERROR;
				GCC_WARN_UNDECLARED_SELECTOR = YES;
				GCC_WARN_UNINITIALIZED_AUTOS = YES_AGGRESSIVE;
				GCC_WARN_UNUSED_FUNCTION = YES;
				GCC_WARN_UNUSED_VARIABLE = YES;
				IPHONEOS_DEPLOYMENT_TARGET = 13.5;
				MTL_ENABLE_DEBUG_INFO = NO;
				MTL_FAST_MATH = YES;
				SDKROOT = iphoneos;
				SWIFT_COMPILATION_MODE = wholemodule;
				SWIFT_OPTIMIZATION_LEVEL = "-O";
				VALIDATE_PRODUCT = YES;
			};
			name = Release;
		};
		6AFBC2EA2536064000BF70A5 /* Debug */ = {
			isa = XCBuildConfiguration;
			buildSettings = {
				ASSETCATALOG_COMPILER_APPICON_NAME = AppIcon;
				CODE_SIGN_STYLE = Automatic;
				FRAMEWORK_SEARCH_PATHS = (
					"$(inherited)",
					"$(PROJECT_DIR)/Carthage/Build/iOS",
				);
				INFOPLIST_FILE = SimpleNetworking/Info.plist;
				LD_RUNPATH_SEARCH_PATHS = (
					"$(inherited)",
					"@executable_path/Frameworks",
				);
				LIBRARY_SEARCH_PATHS = (
					"$(inherited)",
					"$(PROJECT_DIR)/Carthage/Build/iOS/Alamofire.framework",
				);
				PRODUCT_BUNDLE_IDENTIFIER = "study-swift.SimpleNetworking";
				PRODUCT_NAME = "$(TARGET_NAME)";
				SWIFT_VERSION = 5.0;
				TARGETED_DEVICE_FAMILY = "1,2";
			};
			name = Debug;
		};
		6AFBC2EB2536064000BF70A5 /* Release */ = {
			isa = XCBuildConfiguration;
			buildSettings = {
				ASSETCATALOG_COMPILER_APPICON_NAME = AppIcon;
				CODE_SIGN_STYLE = Automatic;
				FRAMEWORK_SEARCH_PATHS = (
					"$(inherited)",
					"$(PROJECT_DIR)/Carthage/Build/iOS",
				);
				INFOPLIST_FILE = SimpleNetworking/Info.plist;
				LD_RUNPATH_SEARCH_PATHS = (
					"$(inherited)",
					"@executable_path/Frameworks",
				);
				LIBRARY_SEARCH_PATHS = (
					"$(inherited)",
					"$(PROJECT_DIR)/Carthage/Build/iOS/Alamofire.framework",
				);
				PRODUCT_BUNDLE_IDENTIFIER = "study-swift.SimpleNetworking";
				PRODUCT_NAME = "$(TARGET_NAME)";
				SWIFT_VERSION = 5.0;
				TARGETED_DEVICE_FAMILY = "1,2";
			};
			name = Release;
		};
/* End XCBuildConfiguration section */

/* Begin XCConfigurationList section */
		6AFBC2D02536063E00BF70A5 /* Build configuration list for PBXProject "SimpleNetworking" */ = {
			isa = XCConfigurationList;
			buildConfigurations = (
				6AFBC2E72536064000BF70A5 /* Debug */,
				6AFBC2E82536064000BF70A5 /* Release */,
			);
			defaultConfigurationIsVisible = 0;
			defaultConfigurationName = Release;
		};
		6AFBC2E92536064000BF70A5 /* Build configuration list for PBXNativeTarget "SimpleNetworking" */ = {
			isa = XCConfigurationList;
			buildConfigurations = (
				6AFBC2EA2536064000BF70A5 /* Debug */,
				6AFBC2EB2536064000BF70A5 /* Release */,
			);
			defaultConfigurationIsVisible = 0;
			defaultConfigurationName = Release;
		};
/* End XCConfigurationList section */
	};
	rootObject = 6AFBC2CD2536063E00BF70A5 /* Project object */;
}
